// !$*UTF8*$!
{
	archiveVersion = 1;
	classes = {
	};
	objectVersion = 46;
	objects = {

/* Begin PBXBuildFile section */
		9295E0791EB96A0A00DC80D8 /* AppDelegate.swift in Sources */ = {isa = PBXBuildFile; fileRef = 9295E0781EB96A0A00DC80D8 /* AppDelegate.swift */; };
		9295E07B1EB96A0A00DC80D8 /* ViewController.swift in Sources */ = {isa = PBXBuildFile; fileRef = 9295E07A1EB96A0A00DC80D8 /* ViewController.swift */; };
		9295E07E1EB96A0A00DC80D8 /* Main.storyboard in Resources */ = {isa = PBXBuildFile; fileRef = 9295E07C1EB96A0A00DC80D8 /* Main.storyboard */; };
		9295E0801EB96A0A00DC80D8 /* Assets.xcassets in Resources */ = {isa = PBXBuildFile; fileRef = 9295E07F1EB96A0A00DC80D8 /* Assets.xcassets */; };
		9295E0831EB96A0A00DC80D8 /* LaunchScreen.storyboard in Resources */ = {isa = PBXBuildFile; fileRef = 9295E0811EB96A0A00DC80D8 /* LaunchScreen.storyboard */; };
		92EBFA881EBC28C10005F4E1 /* go.mp3 in Resources */ = {isa = PBXBuildFile; fileRef = 92EBFA851EBC28C10005F4E1 /* go.mp3 */; };
		92EBFA891EBC28C10005F4E1 /* ready.mp3 in Resources */ = {isa = PBXBuildFile; fileRef = 92EBFA861EBC28C10005F4E1 /* ready.mp3 */; };
		92EBFA8A1EBC28C10005F4E1 /* set.mp3 in Resources */ = {isa = PBXBuildFile; fileRef = 92EBFA871EBC28C10005F4E1 /* set.mp3 */; };
/* End PBXBuildFile section */

/* Begin PBXFileReference section */
		9295E0751EB96A0A00DC80D8 /* RaceMeBro.app */ = {isa = PBXFileReference; explicitFileType = wrapper.application; includeInIndex = 0; path = RaceMeBro.app; sourceTree = BUILT_PRODUCTS_DIR; };
		9295E0781EB96A0A00DC80D8 /* AppDelegate.swift */ = {isa = PBXFileReference; lastKnownFileType = sourcecode.swift; path = AppDelegate.swift; sourceTree = "<group>"; };
		9295E07A1EB96A0A00DC80D8 /* ViewController.swift */ = {isa = PBXFileReference; lastKnownFileType = sourcecode.swift; path = ViewController.swift; sourceTree = "<group>"; };
		9295E07D1EB96A0A00DC80D8 /* Base */ = {isa = PBXFileReference; lastKnownFileType = file.storyboard; name = Base; path = Base.lproj/Main.storyboard; sourceTree = "<group>"; };
		9295E07F1EB96A0A00DC80D8 /* Assets.xcassets */ = {isa = PBXFileReference; lastKnownFileType = folder.assetcatalog; path = Assets.xcassets; sourceTree = "<group>"; };
		9295E0821EB96A0A00DC80D8 /* Base */ = {isa = PBXFileReference; lastKnownFileType = file.storyboard; name = Base; path = Base.lproj/LaunchScreen.storyboard; sourceTree = "<group>"; };
		9295E0841EB96A0A00DC80D8 /* Info.plist */ = {isa = PBXFileReference; lastKnownFileType = text.plist.xml; path = Info.plist; sourceTree = "<group>"; };
		92EBFA851EBC28C10005F4E1 /* go.mp3 */ = {isa = PBXFileReference; lastKnownFileType = audio.mp3; path = go.mp3; sourceTree = "<group>"; };
		92EBFA861EBC28C10005F4E1 /* ready.mp3 */ = {isa = PBXFileReference; lastKnownFileType = audio.mp3; path = ready.mp3; sourceTree = "<group>"; };
		92EBFA871EBC28C10005F4E1 /* set.mp3 */ = {isa = PBXFileReference; lastKnownFileType = audio.mp3; path = set.mp3; sourceTree = "<group>"; };
/* End PBXFileReference section */

/* Begin PBXFrameworksBuildPhase section */
		9295E0721EB96A0A00DC80D8 /* Frameworks */ = {
			isa = PBXFrameworksBuildPhase;
			buildActionMask = 2147483647;
			files = (
			);
			runOnlyForDeploymentPostprocessing = 0;
		};
/* End PBXFrameworksBuildPhase section */

/* Begin PBXGroup section */
		9295E06C1EB96A0A00DC80D8 = {
			isa = PBXGroup;
			children = (
				9295E0771EB96A0A00DC80D8 /* RaceMeBro */,
				9295E0761EB96A0A00DC80D8 /* Products */,
			);
			sourceTree = "<group>";
		};
		9295E0761EB96A0A00DC80D8 /* Products */ = {
			isa = PBXGroup;
			children = (
				9295E0751EB96A0A00DC80D8 /* RaceMeBro.app */,
			);
			name = Products;
			sourceTree = "<group>";
		};
		9295E0771EB96A0A00DC80D8 /* RaceMeBro */ = {
			isa = PBXGroup;
			children = (
				9295E0781EB96A0A00DC80D8 /* AppDelegate.swift */,
				9295E07A1EB96A0A00DC80D8 /* ViewController.swift */,
				9295E07C1EB96A0A00DC80D8 /* Main.storyboard */,
				9295E07F1EB96A0A00DC80D8 /* Assets.xcassets */,
				9295E0811EB96A0A00DC80D8 /* LaunchScreen.storyboard */,
				92EBFA851EBC28C10005F4E1 /* go.mp3 */,
				92EBFA861EBC28C10005F4E1 /* ready.mp3 */,
				92EBFA871EBC28C10005F4E1 /* set.mp3 */,
				9295E0841EB96A0A00DC80D8 /* Info.plist */,
			);
			path = RaceMeBro;
			sourceTree = "<group>";
		};
/* End PBXGroup section */

/* Begin PBXNativeTarget section */
		9295E0741EB96A0A00DC80D8 /* RaceMeBro */ = {
			isa = PBXNativeTarget;
			buildConfigurationList = 9295E0871EB96A0A00DC80D8 /* Build configuration list for PBXNativeTarget "RaceMeBro" */;
			buildPhases = (
				9295E0711EB96A0A00DC80D8 /* Sources */,
				9295E0721EB96A0A00DC80D8 /* Frameworks */,
				9295E0731EB96A0A00DC80D8 /* Resources */,
			);
			buildRules = (
			);
			dependencies = (
			);
			name = RaceMeBro;
			productName = RaceMeBro;
			productReference = 9295E0751EB96A0A00DC80D8 /* RaceMeBro.app */;
			productType = "com.apple.product-type.application";
		};
/* End PBXNativeTarget section */

/* Begin PBXProject section */
		9295E06D1EB96A0A00DC80D8 /* Project object */ = {
			isa = PBXProject;
			attributes = {
				LastSwiftUpdateCheck = 0830;
				LastUpgradeCheck = 0830;
				ORGANIZATIONNAME = "Zach Scott";
				TargetAttributes = {
					9295E0741EB96A0A00DC80D8 = {
						CreatedOnToolsVersion = 8.3.1;
						DevelopmentTeam = 6426X83D2T;
						ProvisioningStyle = Automatic;
					};
				};
			};
			buildConfigurationList = 9295E0701EB96A0A00DC80D8 /* Build configuration list for PBXProject "RaceMeBro" */;
			compatibilityVersion = "Xcode 3.2";
			developmentRegion = English;
			hasScannedForEncodings = 0;
			knownRegions = (
				en,
				Base,
			);
			mainGroup = 9295E06C1EB96A0A00DC80D8;
			productRefGroup = 9295E0761EB96A0A00DC80D8 /* Products */;
			projectDirPath = "";
			projectRoot = "";
			targets = (
				9295E0741EB96A0A00DC80D8 /* RaceMeBro */,
			);
		};
/* End PBXProject section */

/* Begin PBXResourcesBuildPhase section */
		9295E0731EB96A0A00DC80D8 /* Resources */ = {
			isa = PBXResourcesBuildPhase;
			buildActionMask = 2147483647;
			files = (
				9295E0831EB96A0A00DC80D8 /* LaunchScreen.storyboard in Resources */,
				92EBFA891EBC28C10005F4E1 /* ready.mp3 in Resources */,
				9295E0801EB96A0A00DC80D8 /* Assets.xcassets in Resources */,
				92EBFA8A1EBC28C10005F4E1 /* set.mp3 in Resources */,
				92EBFA881EBC28C10005F4E1 /* go.mp3 in Resources */,
				9295E07E1EB96A0A00DC80D8 /* Main.storyboard in Resources */,
			);
			runOnlyForDeploymentPostprocessing = 0;
		};
/* End PBXResourcesBuildPhase section */

/* Begin PBXSourcesBuildPhase section */
		9295E0711EB96A0A00DC80D8 /* Sources */ = {
			isa = PBXSourcesBuildPhase;
			buildActionMask = 2147483647;
			files = (
				9295E07B1EB96A0A00DC80D8 /* ViewController.swift in Sources */,
				9295E0791EB96A0A00DC80D8 /* AppDelegate.swift in Sources */,
			);
			runOnlyForDeploymentPostprocessing = 0;
		};
/* End PBXSourcesBuildPhase section */

/* Begin PBXVariantGroup section */
		9295E07C1EB96A0A00DC80D8 /* Main.storyboard */ = {
			isa = PBXVariantGroup;
			children = (
				9295E07D1EB96A0A00DC80D8 /* Base */,
			);
			name = Main.storyboard;
			sourceTree = "<group>";
		};
		9295E0811EB96A0A00DC80D8 /* LaunchScreen.storyboard */ = {
			isa = PBXVariantGroup;
			children = (
				9295E0821EB96A0A00DC80D8 /* Base */,
			);
			name = LaunchScreen.storyboard;
			sourceTree = "<group>";
		};
/* End PBXVariantGroup section */

/* Begin XCBuildConfiguration section */
		9295E0851EB96A0A00DC80D8 /* Debug */ = {
			isa = XCBuildConfiguration;
			buildSettings = {
				ALWAYS_SEARCH_USER_PATHS = NO;
				CLANG_ANALYZER_NONNULL = YES;
				CLANG_ANALYZER_NUMBER_OBJECT_CONVERSION = YES_AGGRESSIVE;
				CLANG_CXX_LANGUAGE_STANDARD = "gnu++0x";
				CLANG_CXX_LIBRARY = "libc++";
				CLANG_ENABLE_MODULES = YES;
				CLANG_ENABLE_OBJC_ARC = YES;
				CLANG_WARN_BOOL_CONVERSION = YES;
				CLANG_WARN_CONSTANT_CONVERSION = YES;
				CLANG_WARN_DIRECT_OBJC_ISA_USAGE = YES_ERROR;
				CLANG_WARN_DOCUMENTATION_COMMENTS = YES;
				CLANG_WARN_EMPTY_BODY = YES;
				CLANG_WARN_ENUM_CONVERSION = YES;
				CLANG_WARN_INFINITE_RECURSION = YES;
				CLANG_WARN_INT_CONVERSION = YES;
				CLANG_WARN_OBJC_ROOT_CLASS = YES_ERROR;
				CLANG_WARN_SUSPICIOUS_MOVE = YES;
				CLANG_WARN_UNREACHABLE_CODE = YES;
				CLANG_WARN__DUPLICATE_METHOD_MATCH = YES;
				"CODE_SIGN_IDENTITY[sdk=iphoneos*]" = "iPhone Developer";
				COPY_PHASE_STRIP = NO;
				DEBUG_INFORMATION_FORMAT = dwarf;
				ENABLE_STRICT_OBJC_MSGSEND = YES;
				ENABLE_TESTABILITY = YES;
				GCC_C_LANGUAGE_STANDARD = gnu99;
				GCC_DYNAMIC_NO_PIC = NO;
				GCC_NO_COMMON_BLOCKS = YES;
				GCC_OPTIMIZATION_LEVEL = 0;
				GCC_PREPROCESSOR_DEFINITIONS = (
					"DEBUG=1",
					"$(inherited)",
				);
				GCC_WARN_64_TO_32_BIT_CONVERSION = YES;
				GCC_WARN_ABOUT_RETURN_TYPE = YES_ERROR;
				GCC_WARN_UNDECLARED_SELECTOR = YES;
				GCC_WARN_UNINITIALIZED_AUTOS = YES_AGGRESSIVE;
				GCC_WARN_UNUSED_FUNCTION = YES;
				GCC_WARN_UNUSED_VARIABLE = YES;
				IPHONEOS_DEPLOYMENT_TARGET = 10.3;
				MTL_ENABLE_DEBUG_INFO = YES;
				ONLY_ACTIVE_ARCH = YES;
				SDKROOT = iphoneos;
				SWIFT_ACTIVE_COMPILATION_CONDITIONS = DEBUG;
				SWIFT_OPTIMIZATION_LEVEL = "-Onone";
				TARGETED_DEVICE_FAMILY = "1,2";
			};
			name = Debug;
		};
		9295E0861EB96A0A00DC80D8 /* Release */ = {
			isa = XCBuildConfiguration;
			buildSettings = {
				ALWAYS_SEARCH_USER_PATHS = NO;
				CLANG_ANALYZER_NONNULL = YES;
				CLANG_ANALYZER_NUMBER_OBJECT_CONVERSION = YES_AGGRESSIVE;
				CLANG_CXX_LANGUAGE_STANDARD = "gnu++0x";
				CLANG_CXX_LIBRARY = "libc++";
				CLANG_ENABLE_MODULES = YES;
				CLANG_ENABLE_OBJC_ARC = YES;
				CLANG_WARN_BOOL_CONVERSION = YES;
				CLANG_WARN_CONSTANT_CONVERSION = YES;
				CLANG_WARN_DIRECT_OBJC_ISA_USAGE = YES_ERROR;
				CLANG_WARN_DOCUMENTATION_COMMENTS = YES;
				CLANG_WARN_EMPTY_BODY = YES;
				CLANG_WARN_ENUM_CONVERSION = YES;
				CLANG_WARN_INFINITE_RECURSION = YES;
				CLANG_WARN_INT_CONVERSION = YES;
				CLANG_WARN_OBJC_ROOT_CLASS = YES_ERROR;
				CLANG_WARN_SUSPICIOUS_MOVE = YES;
				CLANG_WARN_UNREACHABLE_CODE = YES;
				CLANG_WARN__DUPLICATE_METHOD_MATCH = YES;
				"CODE_SIGN_IDENTITY[sdk=iphoneos*]" = "iPhone Developer";
				COPY_PHASE_STRIP = NO;
				DEBUG_INFORMATION_FORMAT = "dwarf-with-dsym";
				ENABLE_NS_ASSERTIONS = NO;
				ENABLE_STRICT_OBJC_MSGSEND = YES;
				GCC_C_LANGUAGE_STANDARD = gnu99;
				GCC_NO_COMMON_BLOCKS = YES;
				GCC_WARN_64_TO_32_BIT_CONVERSION = YES;
				GCC_WARN_ABOUT_RETURN_TYPE = YES_ERROR;
				GCC_WARN_UNDECLARED_SELECTOR = YES;
				GCC_WARN_UNINITIALIZED_AUTOS = YES_AGGRESSIVE;
				GCC_WARN_UNUSED_FUNCTION = YES;
				GCC_WARN_UNUSED_VARIABLE = YES;
				IPHONEOS_DEPLOYMENT_TARGET = 10.3;
				MTL_ENABLE_DEBUG_INFO = NO;
				SDKROOT = iphoneos;
				SWIFT_OPTIMIZATION_LEVEL = "-Owholemodule";
				TARGETED_DEVICE_FAMILY = "1,2";
				VALIDATE_PRODUCT = YES;
			};
			name = Release;
		};
		9295E0881EB96A0A00DC80D8 /* Debug */ = {
			isa = XCBuildConfiguration;
			buildSettings = {
				ASSETCATALOG_COMPILER_APPICON_NAME = AppIcon;
				DEVELOPMENT_TEAM = 6426X83D2T;
				INFOPLIST_FILE = RaceMeBro/Info.plist;
				LD_RUNPATH_SEARCH_PATHS = "$(inherited) @executable_path/Frameworks";
				PRODUCT_BUNDLE_IDENTIFIER = zach.RaceMeBro;
				PRODUCT_NAME = "$(TARGET_NAME)";
				SWIFT_VERSION = 3.0;
			};
			name = Debug;
		};
		9295E0891EB96A0A00DC80D8 /* Release */ = {
			isa = XCBuildConfiguration;
			buildSettings = {
				ASSETCATALOG_COMPILER_APPICON_NAME = AppIcon;
				DEVELOPMENT_TEAM = 6426X83D2T;
				INFOPLIST_FILE = RaceMeBro/Info.plist;
				LD_RUNPATH_SEARCH_PATHS = "$(inherited) @executable_path/Frameworks";
				PRODUCT_BUNDLE_IDENTIFIER = zach.RaceMeBro;
				PRODUCT_NAME = "$(TARGET_NAME)";
				SWIFT_VERSION = 3.0;
			};
			name = Release;
		};
/* End XCBuildConfiguration section */

/* Begin XCConfigurationList section */
		9295E0701EB96A0A00DC80D8 /* Build configuration list for PBXProject "RaceMeBro" */ = {
			isa = XCConfigurationList;
			buildConfigurations = (
				9295E0851EB96A0A00DC80D8 /* Debug */,
				9295E0861EB96A0A00DC80D8 /* Release */,
			);
			defaultConfigurationIsVisible = 0;
			defaultConfigurationName = Release;
		};
		9295E0871EB96A0A00DC80D8 /* Build configuration list for PBXNativeTarget "RaceMeBro" */ = {
			isa = XCConfigurationList;
			buildConfigurations = (
				9295E0881EB96A0A00DC80D8 /* Debug */,
				9295E0891EB96A0A00DC80D8 /* Release */,
			);
			defaultConfigurationIsVisible = 0;
			defaultConfigurationName = Release;
		};
/* End XCConfigurationList section */
	};
	rootObject = 9295E06D1EB96A0A00DC80D8 /* Project object */;
}
